
Microsoft Visual Studio Solution File, Format Version 12.00
# Visual Studio Express 2012 for Windows Desktop
Project("{FAE04EC0-301F-11D3-BF4B-00C04F79EFBC}") = "Respawned", "D[III]-BOT\Respawned.csproj", "{190B4A9B-4B1C-4DEB-BBC2-91D0B172C977}"
	ProjectSection(ProjectDependencies) = postProject
		{4A362B9C-FC25-41A8-9F0E-EC41AFB90419} = {4A362B9C-FC25-41A8-9F0E-EC41AFB90419}
		{8A2EE486-B677-4AC8-B32E-DFF24145F92E} = {8A2EE486-B677-4AC8-B32E-DFF24145F92E}
		{B7C51028-C4C2-4923-BBC0-E0B97ABFC0A3} = {B7C51028-C4C2-4923-BBC0-E0B97ABFC0A3}
	EndProjectSection
EndProject
Project("{8BC9CEB8-8B4A-11D0-8D11-00A0C91BC942}") = "D3Api", "D[III]-BOT\D3API\GW Client API.vcxproj", "{8A2EE486-B677-4AC8-B32E-DFF24145F92E}"
EndProject
Project("{FAE04EC0-301F-11D3-BF4B-00C04F79EFBC}") = "IPlugin", "D[III]-BOT\IPlugin\IPlugin\IPlugin.csproj", "{B7C51028-C4C2-4923-BBC0-E0B97ABFC0A3}"
EndProject
Project("{FAE04EC0-301F-11D3-BF4B-00C04F79EFBC}") = "RadarPlugin", "D[III]-BOT\DemoPlugin\RadarPlugin.csproj", "{4A362B9C-FC25-41A8-9F0E-EC41AFB90419}"
	ProjectSection(ProjectDependencies) = postProject
		{B7C51028-C4C2-4923-BBC0-E0B97ABFC0A3} = {B7C51028-C4C2-4923-BBC0-E0B97ABFC0A3}
	EndProjectSection
EndProject
Global
	GlobalSection(SolutionConfigurationPlatforms) = preSolution
		64Bit|Any CPU = 64Bit|Any CPU
		64Bit|Mixed Platforms = 64Bit|Mixed Platforms
		64Bit|Win32 = 64Bit|Win32
		64Bit|x86 = 64Bit|x86
		Debug|Any CPU = Debug|Any CPU
		Debug|Mixed Platforms = Debug|Mixed Platforms
		Debug|Win32 = Debug|Win32
		Debug|x86 = Debug|x86
		Release|Any CPU = Release|Any CPU
		Release|Mixed Platforms = Release|Mixed Platforms
		Release|Win32 = Release|Win32
		Release|x86 = Release|x86
		Staff_Release|Any CPU = Staff_Release|Any CPU
		Staff_Release|Mixed Platforms = Staff_Release|Mixed Platforms
		Staff_Release|Win32 = Staff_Release|Win32
		Staff_Release|x86 = Staff_Release|x86
		Staff_ReleaseXP|Any CPU = Staff_ReleaseXP|Any CPU
		Staff_ReleaseXP|Mixed Platforms = Staff_ReleaseXP|Mixed Platforms
		Staff_ReleaseXP|Win32 = Staff_ReleaseXP|Win32
		Staff_ReleaseXP|x86 = Staff_ReleaseXP|x86
	EndGlobalSection
	GlobalSection(ProjectConfigurationPlatforms) = postSolution
		{190B4A9B-4B1C-4DEB-BBC2-91D0B172C977}.64Bit|Any CPU.ActiveCfg = Debug|x86
		{190B4A9B-4B1C-4DEB-BBC2-91D0B172C977}.64Bit|Mixed Platforms.ActiveCfg = Release|x86
		{190B4A9B-4B1C-4DEB-BBC2-91D0B172C977}.64Bit|Mixed Platforms.Build.0 = Release|x86
		{190B4A9B-4B1C-4DEB-BBC2-91D0B172C977}.64Bit|Win32.ActiveCfg = Release|x86
		{190B4A9B-4B1C-4DEB-BBC2-91D0B172C977}.64Bit|x86.ActiveCfg = Release|x86
		{190B4A9B-4B1C-4DEB-BBC2-91D0B172C977}.64Bit|x86.Build.0 = Release|x86
		{190B4A9B-4B1C-4DEB-BBC2-91D0B172C977}.Debug|Any CPU.ActiveCfg = Debug|x86
		{190B4A9B-4B1C-4DEB-BBC2-91D0B172C977}.Debug|Mixed Platforms.ActiveCfg = Debug|x86
		{190B4A9B-4B1C-4DEB-BBC2-91D0B172C977}.Debug|Mixed Platforms.Build.0 = Debug|x86
		{190B4A9B-4B1C-4DEB-BBC2-91D0B172C977}.Debug|Win32.ActiveCfg = Debug|x86
		{190B4A9B-4B1C-4DEB-BBC2-91D0B172C977}.Debug|x86.ActiveCfg = Debug|x86
		{190B4A9B-4B1C-4DEB-BBC2-91D0B172C977}.Debug|x86.Build.0 = Debug|x86
		{190B4A9B-4B1C-4DEB-BBC2-91D0B172C977}.Release|Any CPU.ActiveCfg = Release|x86
		{190B4A9B-4B1C-4DEB-BBC2-91D0B172C977}.Release|Mixed Platforms.ActiveCfg = Release|x86
		{190B4A9B-4B1C-4DEB-BBC2-91D0B172C977}.Release|Mixed Platforms.Build.0 = Release|x86
		{190B4A9B-4B1C-4DEB-BBC2-91D0B172C977}.Release|Win32.ActiveCfg = Release|x86
		{190B4A9B-4B1C-4DEB-BBC2-91D0B172C977}.Release|x86.ActiveCfg = Release|x86
		{190B4A9B-4B1C-4DEB-BBC2-91D0B172C977}.Release|x86.Build.0 = Release|x86
		{190B4A9B-4B1C-4DEB-BBC2-91D0B172C977}.Staff_Release|Any CPU.ActiveCfg = Staff_Release|x86
		{190B4A9B-4B1C-4DEB-BBC2-91D0B172C977}.Staff_Release|Mixed Platforms.ActiveCfg = Staff_Release|x86
		{190B4A9B-4B1C-4DEB-BBC2-91D0B172C977}.Staff_Release|Mixed Platforms.Build.0 = Staff_Release|x86
		{190B4A9B-4B1C-4DEB-BBC2-91D0B172C977}.Staff_Release|Mixed Platforms.Deploy.0 = Staff_Release|x86
		{190B4A9B-4B1C-4DEB-BBC2-91D0B172C977}.Staff_Release|Win32.ActiveCfg = Staff_Release|x86
		{190B4A9B-4B1C-4DEB-BBC2-91D0B172C977}.Staff_Release|Win32.Build.0 = Staff_Release|x86
		{190B4A9B-4B1C-4DEB-BBC2-91D0B172C977}.Staff_Release|x86.ActiveCfg = Staff_Release|x86
		{190B4A9B-4B1C-4DEB-BBC2-91D0B172C977}.Staff_Release|x86.Build.0 = Staff_Release|x86
		{190B4A9B-4B1C-4DEB-BBC2-91D0B172C977}.Staff_ReleaseXP|Any CPU.ActiveCfg = Release|x86
		{190B4A9B-4B1C-4DEB-BBC2-91D0B172C977}.Staff_ReleaseXP|Mixed Platforms.ActiveCfg = Staff_Release|x86
		{190B4A9B-4B1C-4DEB-BBC2-91D0B172C977}.Staff_ReleaseXP|Mixed Platforms.Build.0 = Staff_Release|x86
		{190B4A9B-4B1C-4DEB-BBC2-91D0B172C977}.Staff_ReleaseXP|Win32.ActiveCfg = Release|x86
		{190B4A9B-4B1C-4DEB-BBC2-91D0B172C977}.Staff_ReleaseXP|x86.ActiveCfg = Release|x86
		{190B4A9B-4B1C-4DEB-BBC2-91D0B172C977}.Staff_ReleaseXP|x86.Build.0 = Release|x86
		{8A2EE486-B677-4AC8-B32E-DFF24145F92E}.64Bit|Any CPU.ActiveCfg = 64Bit|Win32
		{8A2EE486-B677-4AC8-B32E-DFF24145F92E}.64Bit|Mixed Platforms.ActiveCfg = 64Bit|Win32
		{8A2EE486-B677-4AC8-B32E-DFF24145F92E}.64Bit|Mixed Platforms.Build.0 = 64Bit|Win32
		{8A2EE486-B677-4AC8-B32E-DFF24145F92E}.64Bit|Win32.ActiveCfg = 64Bit|Win32
		{8A2EE486-B677-4AC8-B32E-DFF24145F92E}.64Bit|Win32.Build.0 = 64Bit|Win32
		{8A2EE486-B677-4AC8-B32E-DFF24145F92E}.64Bit|x86.ActiveCfg = 64Bit|Win32
		{8A2EE486-B677-4AC8-B32E-DFF24145F92E}.Debug|Any CPU.ActiveCfg = Debug|Win32
		{8A2EE486-B677-4AC8-B32E-DFF24145F92E}.Debug|Mixed Platforms.ActiveCfg = Debug|Win32
		{8A2EE486-B677-4AC8-B32E-DFF24145F92E}.Debug|Mixed Platforms.Build.0 = Debug|Win32
		{8A2EE486-B677-4AC8-B32E-DFF24145F92E}.Debug|Win32.ActiveCfg = Debug|Win32
		{8A2EE486-B677-4AC8-B32E-DFF24145F92E}.Debug|Win32.Build.0 = Debug|Win32
		{8A2EE486-B677-4AC8-B32E-DFF24145F92E}.Debug|x86.ActiveCfg = Debug|Win32
		{8A2EE486-B677-4AC8-B32E-DFF24145F92E}.Release|Any CPU.ActiveCfg = Release|Win32
		{8A2EE486-B677-4AC8-B32E-DFF24145F92E}.Release|Mixed Platforms.ActiveCfg = Release|Win32
		{8A2EE486-B677-4AC8-B32E-DFF24145F92E}.Release|Mixed Platforms.Build.0 = Release|Win32
		{8A2EE486-B677-4AC8-B32E-DFF24145F92E}.Release|Win32.ActiveCfg = Release|Win32
		{8A2EE486-B677-4AC8-B32E-DFF24145F92E}.Release|Win32.Build.0 = Release|Win32
		{8A2EE486-B677-4AC8-B32E-DFF24145F92E}.Release|x86.ActiveCfg = Release|Win32
		{8A2EE486-B677-4AC8-B32E-DFF24145F92E}.Staff_Release|Any CPU.ActiveCfg = Staff_Release|Win32
		{8A2EE486-B677-4AC8-B32E-DFF24145F92E}.Staff_Release|Mixed Platforms.ActiveCfg = Staff_Release|Win32
		{8A2EE486-B677-4AC8-B32E-DFF24145F92E}.Staff_Release|Mixed Platforms.Build.0 = Staff_Release|Win32
		{8A2EE486-B677-4AC8-B32E-DFF24145F92E}.Staff_Release|Win32.ActiveCfg = Staff_Release|Win32
		{8A2EE486-B677-4AC8-B32E-DFF24145F92E}.Staff_Release|Win32.Build.0 = Staff_Release|Win32
		{8A2EE486-B677-4AC8-B32E-DFF24145F92E}.Staff_Release|x86.ActiveCfg = Staff_Release|Win32
		{8A2EE486-B677-4AC8-B32E-DFF24145F92E}.Staff_Release|x86.Build.0 = Staff_Release|Win32
		{8A2EE486-B677-4AC8-B32E-DFF24145F92E}.Staff_ReleaseXP|Any CPU.ActiveCfg = ReleaseXP|Win32
		{8A2EE486-B677-4AC8-B32E-DFF24145F92E}.Staff_ReleaseXP|Mixed Platforms.ActiveCfg = ReleaseXP|Win32
		{8A2EE486-B677-4AC8-B32E-DFF24145F92E}.Staff_ReleaseXP|Mixed Platforms.Build.0 = ReleaseXP|Win32
		{8A2EE486-B677-4AC8-B32E-DFF24145F92E}.Staff_ReleaseXP|Win32.ActiveCfg = ReleaseXP|Win32
		{8A2EE486-B677-4AC8-B32E-DFF24145F92E}.Staff_ReleaseXP|Win32.Build.0 = ReleaseXP|Win32
		{8A2EE486-B677-4AC8-B32E-DFF24145F92E}.Staff_ReleaseXP|x86.ActiveCfg = ReleaseXP|Win32
		{B7C51028-C4C2-4923-BBC0-E0B97ABFC0A3}.64Bit|Any CPU.ActiveCfg = Release|Any CPU
		{B7C51028-C4C2-4923-BBC0-E0B97ABFC0A3}.64Bit|Any CPU.Build.0 = Release|Any CPU
		{B7C51028-C4C2-4923-BBC0-E0B97ABFC0A3}.64Bit|Mixed Platforms.ActiveCfg = Release|Any CPU
		{B7C51028-C4C2-4923-BBC0-E0B97ABFC0A3}.64Bit|Mixed Platforms.Build.0 = Release|Any CPU
		{B7C51028-C4C2-4923-BBC0-E0B97ABFC0A3}.64Bit|Win32.ActiveCfg = Release|Any CPU
		{B7C51028-C4C2-4923-BBC0-E0B97ABFC0A3}.64Bit|x86.ActiveCfg = Release|Any CPU
		{B7C51028-C4C2-4923-BBC0-E0B97ABFC0A3}.Debug|Any CPU.ActiveCfg = Debug|Any CPU
		{B7C51028-C4C2-4923-BBC0-E0B97ABFC0A3}.Debug|Any CPU.Build.0 = Debug|Any CPU
		{B7C51028-C4C2-4923-BBC0-E0B97ABFC0A3}.Debug|Mixed Platforms.ActiveCfg = Debug|Any CPU
		{B7C51028-C4C2-4923-BBC0-E0B97ABFC0A3}.Debug|Mixed Platforms.Build.0 = Debug|Any CPU
		{B7C51028-C4C2-4923-BBC0-E0B97ABFC0A3}.Debug|Win32.ActiveCfg = Debug|Any CPU
		{B7C51028-C4C2-4923-BBC0-E0B97ABFC0A3}.Debug|x86.ActiveCfg = Debug|Any CPU
		{B7C51028-C4C2-4923-BBC0-E0B97ABFC0A3}.Release|Any CPU.ActiveCfg = Release|Any CPU
		{B7C51028-C4C2-4923-BBC0-E0B97ABFC0A3}.Release|Any CPU.Build.0 = Release|Any CPU
		{B7C51028-C4C2-4923-BBC0-E0B97ABFC0A3}.Release|Mixed Platforms.ActiveCfg = Release|Any CPU
		{B7C51028-C4C2-4923-BBC0-E0B97ABFC0A3}.Release|Mixed Platforms.Build.0 = Release|Any CPU
		{B7C51028-C4C2-4923-BBC0-E0B97ABFC0A3}.Release|Win32.ActiveCfg = Release|Any CPU
		{B7C51028-C4C2-4923-BBC0-E0B97ABFC0A3}.Release|x86.ActiveCfg = Release|Any CPU
		{B7C51028-C4C2-4923-BBC0-E0B97ABFC0A3}.Staff_Release|Any CPU.ActiveCfg = Staff_Release|Any CPU
		{B7C51028-C4C2-4923-BBC0-E0B97ABFC0A3}.Staff_Release|Any CPU.Build.0 = Staff_Release|Any CPU
		{B7C51028-C4C2-4923-BBC0-E0B97ABFC0A3}.Staff_Release|Mixed Platforms.ActiveCfg = Staff_Release|Any CPU
		{B7C51028-C4C2-4923-BBC0-E0B97ABFC0A3}.Staff_Release|Mixed Platforms.Build.0 = Staff_Release|Any CPU
		{B7C51028-C4C2-4923-BBC0-E0B97ABFC0A3}.Staff_Release|Win32.ActiveCfg = Staff_Release|Any CPU
		{B7C51028-C4C2-4923-BBC0-E0B97ABFC0A3}.Staff_Release|x86.ActiveCfg = Staff_Release|Any CPU
		{B7C51028-C4C2-4923-BBC0-E0B97ABFC0A3}.Staff_ReleaseXP|Any CPU.ActiveCfg = Release|Any CPU
		{B7C51028-C4C2-4923-BBC0-E0B97ABFC0A3}.Staff_ReleaseXP|Any CPU.Build.0 = Release|Any CPU
		{B7C51028-C4C2-4923-BBC0-E0B97ABFC0A3}.Staff_ReleaseXP|Mixed Platforms.ActiveCfg = Staff_Release|Any CPU
		{B7C51028-C4C2-4923-BBC0-E0B97ABFC0A3}.Staff_ReleaseXP|Mixed Platforms.Build.0 = Staff_Release|Any CPU
		{B7C51028-C4C2-4923-BBC0-E0B97ABFC0A3}.Staff_ReleaseXP|Win32.ActiveCfg = Release|Any CPU
		{B7C51028-C4C2-4923-BBC0-E0B97ABFC0A3}.Staff_ReleaseXP|x86.ActiveCfg = Release|Any CPU
		{4A362B9C-FC25-41A8-9F0E-EC41AFB90419}.64Bit|Any CPU.ActiveCfg = Release|Any CPU
		{4A362B9C-FC25-41A8-9F0E-EC41AFB90419}.64Bit|Any CPU.Build.0 = Release|Any CPU
		{4A362B9C-FC25-41A8-9F0E-EC41AFB90419}.64Bit|Mixed Platforms.ActiveCfg = Release|Any CPU
		{4A362B9C-FC25-41A8-9F0E-EC41AFB90419}.64Bit|Mixed Platforms.Build.0 = Release|Any CPU
		{4A362B9C-FC25-41A8-9F0E-EC41AFB90419}.64Bit|Win32.ActiveCfg = Release|Any CPU
		{4A362B9C-FC25-41A8-9F0E-EC41AFB90419}.64Bit|x86.ActiveCfg = Release|Any CPU
		{4A362B9C-FC25-41A8-9F0E-EC41AFB90419}.Debug|Any CPU.ActiveCfg = Debug|Any CPU
		{4A362B9C-FC25-41A8-9F0E-EC41AFB90419}.Debug|Any CPU.Build.0 = Debug|Any CPU
		{4A362B9C-FC25-41A8-9F0E-EC41AFB90419}.Debug|Mixed Platforms.ActiveCfg = Debug|Any CPU
		{4A362B9C-FC25-41A8-9F0E-EC41AFB90419}.Debug|Mixed Platforms.Build.0 = Debug|Any CPU
		{4A362B9C-FC25-41A8-9F0E-EC41AFB90419}.Debug|Win32.ActiveCfg = Debug|Any CPU
		{4A362B9C-FC25-41A8-9F0E-EC41AFB90419}.Debug|x86.ActiveCfg = Debug|Any CPU
		{4A362B9C-FC25-41A8-9F0E-EC41AFB90419}.Release|Any CPU.ActiveCfg = Release|Any CPU
		{4A362B9C-FC25-41A8-9F0E-EC41AFB90419}.Release|Any CPU.Build.0 = Release|Any CPU
		{4A362B9C-FC25-41A8-9F0E-EC41AFB90419}.Release|Mixed Platforms.ActiveCfg = Release|Any CPU
		{4A362B9C-FC25-41A8-9F0E-EC41AFB90419}.Release|Mixed Platforms.Build.0 = Release|Any CPU
		{4A362B9C-FC25-41A8-9F0E-EC41AFB90419}.Release|Win32.ActiveCfg = Release|Any CPU
		{4A362B9C-FC25-41A8-9F0E-EC41AFB90419}.Release|x86.ActiveCfg = Release|Any CPU
		{4A362B9C-FC25-41A8-9F0E-EC41AFB90419}.Staff_Release|Any CPU.ActiveCfg = Staff_Release|Any CPU
		{4A362B9C-FC25-41A8-9F0E-EC41AFB90419}.Staff_Release|Any CPU.Build.0 = Staff_Release|Any CPU
		{4A362B9C-FC25-41A8-9F0E-EC41AFB90419}.Staff_Release|Mixed Platforms.ActiveCfg = Staff_Release|Any CPU
		{4A362B9C-FC25-41A8-9F0E-EC41AFB90419}.Staff_Release|Mixed Platforms.Build.0 = Staff_Release|Any CPU
		{4A362B9C-FC25-41A8-9F0E-EC41AFB90419}.Staff_Release|Win32.ActiveCfg = Staff_Release|Any CPU
		{4A362B9C-FC25-41A8-9F0E-EC41AFB90419}.Staff_Release|x86.ActiveCfg = Staff_Release|Any CPU
		{4A362B9C-FC25-41A8-9F0E-EC41AFB90419}.Staff_ReleaseXP|Any CPU.ActiveCfg = Release|Any CPU
		{4A362B9C-FC25-41A8-9F0E-EC41AFB90419}.Staff_ReleaseXP|Any CPU.Build.0 = Release|Any CPU
		{4A362B9C-FC25-41A8-9F0E-EC41AFB90419}.Staff_ReleaseXP|Mixed Platforms.ActiveCfg = Staff_Release|Any CPU
		{4A362B9C-FC25-41A8-9F0E-EC41AFB90419}.Staff_ReleaseXP|Mixed Platforms.Build.0 = Staff_Release|Any CPU
		{4A362B9C-FC25-41A8-9F0E-EC41AFB90419}.Staff_ReleaseXP|Win32.ActiveCfg = Release|Any CPU
		{4A362B9C-FC25-41A8-9F0E-EC41AFB90419}.Staff_ReleaseXP|x86.ActiveCfg = Release|Any CPU
	EndGlobalSection
	GlobalSection(SolutionProperties) = preSolution
		HideSolutionNode = FALSE
	EndGlobalSection
EndGlobal
